
Microsoft Visual Studio Solution File, Format Version 12.00
# Visual Studio Version 17
VisualStudioVersion = 17.4.33110.190
MinimumVisualStudioVersion = 10.0.40219.1
Project("{FAE04EC0-301F-11D3-BF4B-00C04F79EFBC}") = "Stajtablo", "Stajtablo\Stajtablo.csproj", "{91888ACB-D82E-48CB-B813-BB582E0DD43A}"
EndProject
Global
	GlobalSection(SolutionConfigurationPlatforms) = preSolution
		Debug|Any CPU = Debug|Any CPU
		Release|Any CPU = Release|Any CPU
	EndGlobalSection
	GlobalSection(ProjectConfigurationPlatforms) = postSolution
		{91888ACB-D82E-48CB-B813-BB582E0DD43A}.Debug|Any CPU.ActiveCfg = Debug|Any CPU
		{91888ACB-D82E-48CB-B813-BB582E0DD43A}.Debug|Any CPU.Build.0 = Debug|Any CPU
		{91888ACB-D82E-48CB-B813-BB582E0DD43A}.Release|Any CPU.ActiveCfg = Release|Any CPU
		{91888ACB-D82E-48CB-B813-BB582E0DD43A}.Release|Any CPU.Build.0 = Release|Any CPU
	EndGlobalSection
	GlobalSection(SolutionProperties) = preSolution
		HideSolutionNode = FALSE
	EndGlobalSection
	GlobalSection(ExtensibilityGlobals) = postSolution
		SolutionGuid = {99A876C3-6693-4FA6-ACEC-FA4CF1B7CE40}
	EndGlobalSection
EndGlobal
